
Microsoft Visual Studio Solution File, Format Version 12.00
# Visual Studio Version 17
VisualStudioVersion = 17.3.32901.215
MinimumVisualStudioVersion = 10.0.40219.1
Project("{FAE04EC0-301F-11D3-BF4B-00C04F79EFBC}") = "DFA_Minimizer", "DFA_Minimizer\DFA_Minimizer.csproj", "{3C82E79C-F55F-4AB4-9D86-24FDB473BAAB}"
EndProject
Global
	GlobalSection(SolutionConfigurationPlatforms) = preSolution
		Debug|Any CPU = Debug|Any CPU
		Release|Any CPU = Release|Any CPU
	EndGlobalSection
	GlobalSection(ProjectConfigurationPlatforms) = postSolution
		{3C82E79C-F55F-4AB4-9D86-24FDB473BAAB}.Debug|Any CPU.ActiveCfg = Debug|Any CPU
		{3C82E79C-F55F-4AB4-9D86-24FDB473BAAB}.Debug|Any CPU.Build.0 = Debug|Any CPU
		{3C82E79C-F55F-4AB4-9D86-24FDB473BAAB}.Release|Any CPU.ActiveCfg = Release|Any CPU
		{3C82E79C-F55F-4AB4-9D86-24FDB473BAAB}.Release|Any CPU.Build.0 = Release|Any CPU
	EndGlobalSection
	GlobalSection(SolutionProperties) = preSolution
		HideSolutionNode = FALSE
	EndGlobalSection
	GlobalSection(ExtensibilityGlobals) = postSolution
		SolutionGuid = {366A8F49-BF93-4BEB-B7C0-68C2C8402EC2}
	EndGlobalSection
EndGlobal
